{
  "nodes": {
    "brew-src": {
      "flake": false,
      "locked": {
        "lastModified": 1778427648,
        "narHash": "sha256-pt9KaDGsMyYWB9JeHs4XGHs870f1lOZe3vx9LpVIhUE=",
        "owner": "Homebrew",
        "repo": "brew",
        "rev": "6f293daa9f9f5832e13b497976335e90509886d7",
        "type": "github"
      },
      "original": {
        "owner": "Homebrew",
        "ref": "5.1.11",
        "repo": "brew",
        "type": "github"
      }
    },
    "dotfiles": {
      "flake": false,
      "locked": {
        "lastModified": 1778611295,
        "narHash": "sha256-u2bleeK/eV2LqbELFWLrWsSWj9uLB3w2DISM/TG1/BM=",
        "owner": "filiptronicek",
        "repo": "dotfiles",
        "rev": "6b6d904b034b44da6dab5813aad0f7431c3ade5e",
        "type": "github"
      },
      "original": {
        "owner": "filiptronicek",
        "repo": "dotfiles",
        "type": "github"
      }
    },
    "gitpod-tap": {
      "flake": false,
      "locked": {
        "lastModified": 1779120994,
        "narHash": "sha256-qLx8DXWdZJG3jpu6vUJndqD/A/zJzd/uajZo/vMqI5o=",
        "owner": "gitpod-io",
        "repo": "homebrew-tap",
        "rev": "a591e221acfe6268f32160de05630ad4d9e79504",
        "type": "github"
      },
      "original": {
        "owner": "gitpod-io",
        "repo": "homebrew-tap",
        "type": "github"
      }
    },
    "home-manager": {
      "inputs": {
        "nixpkgs": "nixpkgs"
      },
      "locked": {
        "lastModified": 1779157263,
        "narHash": "sha256-VbiyZkRf8/qr7ObmlyfOHJsNAW5tyZ4MB1+cUwAwdrw=",
        "owner": "nix-community",
        "repo": "home-manager",
        "rev": "866412a19866b4a8e32d2306a118040afa2b840c",
        "type": "github"
      },
      "original": {
        "owner": "nix-community",
        "repo": "home-manager",
        "type": "github"
      }
    },
    "nix-darwin": {
      "inputs": {
        "nixpkgs": [
          "nixpkgs"
        ]
      },
      "locked": {
        "lastModified": 1779036909,
        "narHash": "sha256-zXcwYQGCT6pzinK+1dBB2ekTVtfxGZAapb3Evdcu4fY=",
        "owner": "LnL7",
        "repo": "nix-darwin",
        "rev": "56c666e108467d87d13508936aade6d567f2a501",
        "type": "github"
      },
      "original": {
        "owner": "LnL7",
        "repo": "nix-darwin",
        "type": "github"
      }
    },
    "nix-homebrew": {
      "inputs": {
        "brew-src": "brew-src"
      },
      "locked": {
        "lastModified": 1778851564,
        "narHash": "sha256-p8wzcnpB2Iys+QzAKM9/Eyw/pUyqCO3sw/NCnDH4dTE=",
        "owner": "zhaofengli",
        "repo": "nix-homebrew",
        "rev": "b3a87b4793205cc111f3c61e25e018ffac3b8039",
        "type": "github"
      },
      "original": {
        "owner": "zhaofengli",
        "repo": "nix-homebrew",
        "type": "github"
      }
    },
    "nixpkgs": {
      "locked": {
        "lastModified": 1778443072,
        "narHash": "sha256-zi7/fsqM/kFdNuED//4WOCUtezGtKKqRNORjMvfwjnA=",
        "owner": "NixOS",
        "repo": "nixpkgs",
        "rev": "da5ad661ba4e5ef59ba743f0d112cbc30e474f32",
        "type": "github"
      },
      "original": {
        "owner": "NixOS",
        "ref": "nixos-unstable",
        "repo": "nixpkgs",
        "type": "github"
      }
    },
    "nixpkgs_2": {
      "locked": {
        "lastModified": 1778869304,
        "narHash": "sha256-30sZNZoA1cqF5JNO9fVX+wgiQYjB7HJqqJ4ztCDeBZE=",
        "owner": "NixOS",
        "repo": "nixpkgs",
        "rev": "d233902339c02a9c334e7e593de68855ad26c4cb",
        "type": "github"
      },
      "original": {
        "owner": "NixOS",
        "ref": "nixpkgs-unstable",
        "repo": "nixpkgs",
        "type": "github"
      }
    },
    "root": {
      "inputs": {
        "dotfiles": "dotfiles",
        "gitpod-tap": "gitpod-tap",
        "home-manager": "home-manager",
        "nix-darwin": "nix-darwin",
        "nix-homebrew": "nix-homebrew",
        "nixpkgs": "nixpkgs_2",
        "typewhisper-tap": "typewhisper-tap",
        "xykong-tap": "xykong-tap"
      }
    },
    "typewhisper-tap": {
      "flake": false,
      "locked": {
        "lastModified": 1778531581,
        "narHash": "sha256-2jizsgEI+6TNfppkMnsIBi1Jtqfds4BV1811Cwm+UQg=",
        "owner": "typewhisper",
        "repo": "homebrew-tap",
        "rev": "33a3f2c319a3bc9644bc61c97bd2f59b106835b4",
        "type": "github"
      },
      "original": {
        "owner": "typewhisper",
        "repo": "homebrew-tap",
        "type": "github"
      }
    },
    "xykong-tap": {
      "flake": false,
      "locked": {
        "lastModified": 1778638751,
        "narHash": "sha256-EGdLnzf3wD/w1Cr7QcEX3nlddcx0qATMECi6KXwYTvk=",
        "owner": "xykong",
        "repo": "homebrew-tap",
        "rev": "ab94af12dc097fbb971f8e7e56806e354065a002",
        "type": "github"
      },
      "original": {
        "owner": "xykong",
        "repo": "homebrew-tap",
        "type": "github"
      }
    }
  },
  "root": "root",
  "version": 7
}
