{
  "nodes": {
    "brew-src": {
      "flake": false,
      "locked": {
        "lastModified": 1781226006,
        "narHash": "sha256-w4ZTuOnhYiDxjaynrMTASzp802QblBWmo3wpB8wVN4Y=",
        "owner": "Homebrew",
        "repo": "brew",
        "rev": "109191be4988470b51a60a5ef1998520aa24c01b",
        "type": "github"
      },
      "original": {
        "owner": "Homebrew",
        "ref": "6.0.1",
        "repo": "brew",
        "type": "github"
      }
    },
    "dotfiles": {
      "flake": false,
      "locked": {
        "lastModified": 1778611295,
        "narHash": "sha256-u2bleeK/eV2LqbELFWLrWsSWj9uLB3w2DISM/TG1/BM=",
        "owner": "filiptronicek",
        "repo": "dotfiles",
        "rev": "6b6d904b034b44da6dab5813aad0f7431c3ade5e",
        "type": "github"
      },
      "original": {
        "owner": "filiptronicek",
        "repo": "dotfiles",
        "type": "github"
      }
    },
    "gitpod-tap": {
      "flake": false,
      "locked": {
        "lastModified": 1779480481,
        "narHash": "sha256-f80cNJONT5ZF5T0gnKKj/lFXdhF9JSNw4uEBMc/JtK0=",
        "owner": "gitpod-io",
        "repo": "homebrew-tap",
        "rev": "043b3a20de59f43d9b2b63799b62646e26eab5a4",
        "type": "github"
      },
      "original": {
        "owner": "gitpod-io",
        "repo": "homebrew-tap",
        "type": "github"
      }
    },
    "home-manager": {
      "inputs": {
        "nixpkgs": "nixpkgs"
      },
      "locked": {
        "lastModified": 1783457186,
        "narHash": "sha256-+N0KAkdSxl4LlWDQw5jzhx+IOhbb8IGjRnAF95vNsi4=",
        "owner": "nix-community",
        "repo": "home-manager",
        "rev": "3c6f1244ed6b26e40763bd72b1d9af6e908abe41",
        "type": "github"
      },
      "original": {
        "owner": "nix-community",
        "repo": "home-manager",
        "type": "github"
      }
    },
    "nix-darwin": {
      "inputs": {
        "nixpkgs": [
          "nixpkgs"
        ]
      },
      "locked": {
        "lastModified": 1783395956,
        "narHash": "sha256-AAbexQvDoK+6GFJdhY6kqjA+6ECKRkidgWxkn4gMwAA=",
        "owner": "LnL7",
        "repo": "nix-darwin",
        "rev": "d5bd9cd77aea4c0a8f49e7fd85545671a208ed15",
        "type": "github"
      },
      "original": {
        "owner": "LnL7",
        "repo": "nix-darwin",
        "type": "github"
      }
    },
    "nix-homebrew": {
      "inputs": {
        "brew-src": "brew-src"
      },
      "locked": {
        "lastModified": 1781389246,
        "narHash": "sha256-ORqLAo/hoJdsZC7UPAuEHev6S0+XIqKEC7vjo5prz1k=",
        "owner": "zhaofengli",
        "repo": "nix-homebrew",
        "rev": "de7953a08ed4bb9245be043e468561c17b89130d",
        "type": "github"
      },
      "original": {
        "owner": "zhaofengli",
        "repo": "nix-homebrew",
        "type": "github"
      }
    },
    "nixpkgs": {
      "locked": {
        "lastModified": 1782948114,
        "narHash": "sha256-AXmz9ho4Lud5CsbrZsuSVwpQZ4o5FgZ1chxBn5cJ8+0=",
        "owner": "NixOS",
        "repo": "nixpkgs",
        "rev": "9e92285f211dad236540fd617d7e30e0b99bc0e1",
        "type": "github"
      },
      "original": {
        "owner": "NixOS",
        "ref": "nixpkgs-unstable",
        "repo": "nixpkgs",
        "type": "github"
      }
    },
    "nixpkgs-stable": {
      "locked": {
        "lastModified": 1782847189,
        "narHash": "sha256-twXPFqFsrrY5r28Zh7Homgcp2gUMBgQ6WDS98Q/3xFI=",
        "owner": "NixOS",
        "repo": "nixpkgs",
        "rev": "b6018f87da91d19d0ab4cf979885689b469cdd41",
        "type": "github"
      },
      "original": {
        "owner": "NixOS",
        "ref": "nixos-25.11",
        "repo": "nixpkgs",
        "type": "github"
      }
    },
    "nixpkgs_2": {
      "locked": {
        "lastModified": 1783279667,
        "narHash": "sha256-/NAkDSsve+GNM0Bt6tleJdCGfsTlK89nPjkVOzZMo0s=",
        "owner": "NixOS",
        "repo": "nixpkgs",
        "rev": "f205b5574fd0cb7da5b702a2da51507b7f4fdd1b",
        "type": "github"
      },
      "original": {
        "owner": "NixOS",
        "ref": "nixpkgs-unstable",
        "repo": "nixpkgs",
        "type": "github"
      }
    },
    "root": {
      "inputs": {
        "dotfiles": "dotfiles",
        "gitpod-tap": "gitpod-tap",
        "home-manager": "home-manager",
        "nix-darwin": "nix-darwin",
        "nix-homebrew": "nix-homebrew",
        "nixpkgs": "nixpkgs_2",
        "nixpkgs-stable": "nixpkgs-stable",
        "typewhisper-tap": "typewhisper-tap",
        "xykong-tap": "xykong-tap"
      }
    },
    "typewhisper-tap": {
      "flake": false,
      "locked": {
        "lastModified": 1783189899,
        "narHash": "sha256-OudK6A3cCRmTfRFC8Izm3xW13Ofez8qn9JCqPYIjQ9g=",
        "owner": "typewhisper",
        "repo": "homebrew-tap",
        "rev": "e8fa7b3675c09ae1a5a0531a860b4c153c5ae3f6",
        "type": "github"
      },
      "original": {
        "owner": "typewhisper",
        "repo": "homebrew-tap",
        "type": "github"
      }
    },
    "xykong-tap": {
      "flake": false,
      "locked": {
        "lastModified": 1782669449,
        "narHash": "sha256-isft4XKp0vNS0WcxBeZQmJh9pEIms/TKYZE0y9pPWtw=",
        "owner": "xykong",
        "repo": "homebrew-tap",
        "rev": "df479afcc220c2ffd262c075cf633e17e252ce88",
        "type": "github"
      },
      "original": {
        "owner": "xykong",
        "repo": "homebrew-tap",
        "type": "github"
      }
    }
  },
  "root": "root",
  "version": 7
}
