{
  "nodes": {
    "brew-src": {
      "flake": false,
      "locked": {
        "lastModified": 1785146564,
        "narHash": "sha256-Sa7/HrfB04H32OJ7/ofxXjiZEbkWtCNOriONYYTL1OA=",
        "owner": "Homebrew",
        "repo": "brew",
        "rev": "b2cfc03346d482f79886de108fee5dc49a6efc10",
        "type": "github"
      },
      "original": {
        "owner": "Homebrew",
        "ref": "6.0.13",
        "repo": "brew",
        "type": "github"
      }
    },
    "dotfiles": {
      "flake": false,
      "locked": {
        "lastModified": 1778611295,
        "narHash": "sha256-u2bleeK/eV2LqbELFWLrWsSWj9uLB3w2DISM/TG1/BM=",
        "owner": "filiptronicek",
        "repo": "dotfiles",
        "rev": "6b6d904b034b44da6dab5813aad0f7431c3ade5e",
        "type": "github"
      },
      "original": {
        "owner": "filiptronicek",
        "repo": "dotfiles",
        "type": "github"
      }
    },
    "gitpod-tap": {
      "flake": false,
      "locked": {
        "lastModified": 1785226990,
        "narHash": "sha256-U9K89z9RWsEXs8eAk3LWd9MjdYu0wR9TUTL7JyvPx5M=",
        "owner": "gitpod-io",
        "repo": "homebrew-tap",
        "rev": "b4cb656eb627f314d679e44fca15b3fed8a5198c",
        "type": "github"
      },
      "original": {
        "owner": "gitpod-io",
        "repo": "homebrew-tap",
        "type": "github"
      }
    },
    "home-manager": {
      "inputs": {
        "nixpkgs": "nixpkgs"
      },
      "locked": {
        "lastModified": 1785531816,
        "narHash": "sha256-vkMnV0JIyw+g/NmcfoajlGaAO+9a0ezia+FZohQJrik=",
        "owner": "nix-community",
        "repo": "home-manager",
        "rev": "bf9ce9fec78f95f374e8dd3b503863a3ec128ebe",
        "type": "github"
      },
      "original": {
        "owner": "nix-community",
        "repo": "home-manager",
        "type": "github"
      }
    },
    "nix-darwin": {
      "inputs": {
        "nixpkgs": [
          "nixpkgs"
        ]
      },
      "locked": {
        "lastModified": 1785389976,
        "narHash": "sha256-0tLW8Ff5yt8AH97jw4ZpFJ0OCJ122zIlgWGDmOfU/VU=",
        "owner": "LnL7",
        "repo": "nix-darwin",
        "rev": "15abb8c98f336cd8bd840d71059adebabe60bf04",
        "type": "github"
      },
      "original": {
        "owner": "LnL7",
        "repo": "nix-darwin",
        "type": "github"
      }
    },
    "nix-homebrew": {
      "inputs": {
        "brew-src": "brew-src"
      },
      "locked": {
        "lastModified": 1785544760,
        "narHash": "sha256-qV6OoNuly4ntqpCg7esIeJjUboxSnQNlLPxz+y5h9/o=",
        "owner": "zhaofengli",
        "repo": "nix-homebrew",
        "rev": "937ce52c7d046310571f3a070713804ead496843",
        "type": "github"
      },
      "original": {
        "owner": "zhaofengli",
        "repo": "nix-homebrew",
        "type": "github"
      }
    },
    "nixpkgs": {
      "locked": {
        "lastModified": 1785141334,
        "narHash": "sha256-kh35kIx7el4Jk8Ki3BH9/Pn1eZYSYLJ6LMALos0zOy0=",
        "owner": "NixOS",
        "repo": "nixpkgs",
        "rev": "38a4887411571457d700c51c64a6e49ead2ed5ab",
        "type": "github"
      },
      "original": {
        "owner": "NixOS",
        "ref": "nixpkgs-unstable",
        "repo": "nixpkgs",
        "type": "github"
      }
    },
    "nixpkgs-stable": {
      "locked": {
        "lastModified": 1782847189,
        "narHash": "sha256-twXPFqFsrrY5r28Zh7Homgcp2gUMBgQ6WDS98Q/3xFI=",
        "owner": "NixOS",
        "repo": "nixpkgs",
        "rev": "b6018f87da91d19d0ab4cf979885689b469cdd41",
        "type": "github"
      },
      "original": {
        "owner": "NixOS",
        "ref": "nixos-25.11",
        "repo": "nixpkgs",
        "type": "github"
      }
    },
    "nixpkgs_2": {
      "locked": {
        "lastModified": 1785602060,
        "narHash": "sha256-z7D96eESRM4CPV/XtwpwFn8IDdfLAmxz6lVWrGYXvR4=",
        "owner": "NixOS",
        "repo": "nixpkgs",
        "rev": "a5cbcfe954791221bfffe2307f7d1a1bf61a871e",
        "type": "github"
      },
      "original": {
        "owner": "NixOS",
        "ref": "nixpkgs-unstable",
        "repo": "nixpkgs",
        "type": "github"
      }
    },
    "root": {
      "inputs": {
        "dotfiles": "dotfiles",
        "gitpod-tap": "gitpod-tap",
        "home-manager": "home-manager",
        "nix-darwin": "nix-darwin",
        "nix-homebrew": "nix-homebrew",
        "nixpkgs": "nixpkgs_2",
        "nixpkgs-stable": "nixpkgs-stable",
        "typewhisper-tap": "typewhisper-tap",
        "xykong-tap": "xykong-tap"
      }
    },
    "typewhisper-tap": {
      "flake": false,
      "locked": {
        "lastModified": 1783189899,
        "narHash": "sha256-OudK6A3cCRmTfRFC8Izm3xW13Ofez8qn9JCqPYIjQ9g=",
        "owner": "typewhisper",
        "repo": "homebrew-tap",
        "rev": "e8fa7b3675c09ae1a5a0531a860b4c153c5ae3f6",
        "type": "github"
      },
      "original": {
        "owner": "typewhisper",
        "repo": "homebrew-tap",
        "type": "github"
      }
    },
    "xykong-tap": {
      "flake": false,
      "locked": {
        "lastModified": 1784554471,
        "narHash": "sha256-Og2Pq2TIn5eKSUmWOksStrWcJuM6fSofXTk3r5wMvHE=",
        "owner": "xykong",
        "repo": "homebrew-tap",
        "rev": "b78f63297a3c1feb7f9548ca9736ea6b627ed4ac",
        "type": "github"
      },
      "original": {
        "owner": "xykong",
        "repo": "homebrew-tap",
        "type": "github"
      }
    }
  },
  "root": "root",
  "version": 7
}
